// !$*UTF8*$!
{
	archiveVersion = 1;
	classes = {
	};
	objectVersion = 46;
	objects = {

/* Begin PBXBuildFile section */
		7B44EE501D6FF43600383839 /* Letter.m in Sources */ = {isa = PBXBuildFile; fileRef = 7B44EE4F1D6FF43600383839 /* Letter.m */; };
		7B44EE511D6FF43600383839 /* Letter.m in Sources */ = {isa = PBXBuildFile; fileRef = 7B44EE4F1D6FF43600383839 /* Letter.m */; };
		7B44EE521D6FF43600383839 /* Letter.m in Sources */ = {isa = PBXBuildFile; fileRef = 7B44EE4F1D6FF43600383839 /* Letter.m */; };
		7B44EE541D6FF45C00383839 /* Letter.xib in Resources */ = {isa = PBXBuildFile; fileRef = 7B44EE531D6FF45C00383839 /* Letter.xib */; };
		7B44EE551D6FF45C00383839 /* Letter.xib in Resources */ = {isa = PBXBuildFile; fileRef = 7B44EE531D6FF45C00383839 /* Letter.xib */; };
		7B44EE561D6FF45C00383839 /* Letter.xib in Resources */ = {isa = PBXBuildFile; fileRef = 7B44EE531D6FF45C00383839 /* Letter.xib */; };
		7B6C20AF1D6A05BD0097B6C5 /* main.m in Sources */ = {isa = PBXBuildFile; fileRef = 7B6C20AE1D6A05BD0097B6C5 /* main.m */; };
		7B6C20B21D6A05BD0097B6C5 /* AppDelegate.m in Sources */ = {isa = PBXBuildFile; fileRef = 7B6C20B11D6A05BD0097B6C5 /* AppDelegate.m */; };
		7B6C20B51D6A05BD0097B6C5 /* ViewController.m in Sources */ = {isa = PBXBuildFile; fileRef = 7B6C20B41D6A05BD0097B6C5 /* ViewController.m */; };
		7B6C20B81D6A05BD0097B6C5 /* Main.storyboard in Resources */ = {isa = PBXBuildFile; fileRef = 7B6C20B61D6A05BD0097B6C5 /* Main.storyboard */; };
		7B6C20BA1D6A05BD0097B6C5 /* Assets.xcassets in Resources */ = {isa = PBXBuildFile; fileRef = 7B6C20B91D6A05BD0097B6C5 /* Assets.xcassets */; };
		7B6C20BD1D6A05BD0097B6C5 /* LaunchScreen.storyboard in Resources */ = {isa = PBXBuildFile; fileRef = 7B6C20BB1D6A05BD0097B6C5 /* LaunchScreen.storyboard */; };
		7B6C20C81D6A05BD0097B6C5 /* BroggleTests.m in Sources */ = {isa = PBXBuildFile; fileRef = 7B6C20C71D6A05BD0097B6C5 /* BroggleTests.m */; };
		7B6C20D31D6A05BD0097B6C5 /* BroggleUITests.m in Sources */ = {isa = PBXBuildFile; fileRef = 7B6C20D21D6A05BD0097B6C5 /* BroggleUITests.m */; };
		7B6C20E21D6A05FB0097B6C5 /* BroggleGame.m in Sources */ = {isa = PBXBuildFile; fileRef = 7B6C20E11D6A05FB0097B6C5 /* BroggleGame.m */; };
		7B6C20E31D6A05FB0097B6C5 /* BroggleGame.m in Sources */ = {isa = PBXBuildFile; fileRef = 7B6C20E11D6A05FB0097B6C5 /* BroggleGame.m */; };
		7B6C20E41D6A05FB0097B6C5 /* BroggleGame.m in Sources */ = {isa = PBXBuildFile; fileRef = 7B6C20E11D6A05FB0097B6C5 /* BroggleGame.m */; };
		7B6C20E71D6A061E0097B6C5 /* BroggleBoard.m in Sources */ = {isa = PBXBuildFile; fileRef = 7B6C20E61D6A061E0097B6C5 /* BroggleBoard.m */; };
		7B6C20E81D6A061E0097B6C5 /* BroggleBoard.m in Sources */ = {isa = PBXBuildFile; fileRef = 7B6C20E61D6A061E0097B6C5 /* BroggleBoard.m */; };
		7B6C20E91D6A061E0097B6C5 /* BroggleBoard.m in Sources */ = {isa = PBXBuildFile; fileRef = 7B6C20E61D6A061E0097B6C5 /* BroggleBoard.m */; };
		7B6C20EC1D6A065E0097B6C5 /* BroggleLetter.m in Sources */ = {isa = PBXBuildFile; fileRef = 7B6C20EB1D6A065E0097B6C5 /* BroggleLetter.m */; };
		7B6C20ED1D6A065E0097B6C5 /* BroggleLetter.m in Sources */ = {isa = PBXBuildFile; fileRef = 7B6C20EB1D6A065E0097B6C5 /* BroggleLetter.m */; };
		7B6C20EE1D6A065E0097B6C5 /* BroggleLetter.m in Sources */ = {isa = PBXBuildFile; fileRef = 7B6C20EB1D6A065E0097B6C5 /* BroggleLetter.m */; };
		7B6C20F01D6A2BFA0097B6C5 /* BroggleLetterTests.m in Sources */ = {isa = PBXBuildFile; fileRef = 7B6C20EF1D6A2BFA0097B6C5 /* BroggleLetterTests.m */; };
		7B984E8F1D6BFDA900C63476 /* BroggleBoardTest.m in Sources */ = {isa = PBXBuildFile; fileRef = 7B984E8E1D6BFDA900C63476 /* BroggleBoardTest.m */; };
/* End PBXBuildFile section */

/* Begin PBXContainerItemProxy section */
		7B6C20C41D6A05BD0097B6C5 /* PBXContainerItemProxy */ = {
			isa = PBXContainerItemProxy;
			containerPortal = 7B6C20A21D6A05BD0097B6C5 /* Project object */;
			proxyType = 1;
			remoteGlobalIDString = 7B6C20A91D6A05BD0097B6C5;
			remoteInfo = Broggle;
		};
		7B6C20CF1D6A05BD0097B6C5 /* PBXContainerItemProxy */ = {
			isa = PBXContainerItemProxy;
			containerPortal = 7B6C20A21D6A05BD0097B6C5 /* Project object */;
			proxyType = 1;
			remoteGlobalIDString = 7B6C20A91D6A05BD0097B6C5;
			remoteInfo = Broggle;
		};
/* End PBXContainerItemProxy section */

/* Begin PBXFileReference section */
		7B44EE4E1D6FF43600383839 /* Letter.h */ = {isa = PBXFileReference; fileEncoding = 4; lastKnownFileType = sourcecode.c.h; name = Letter.h; path = ../Letter.h; sourceTree = "<group>"; };
		7B44EE4F1D6FF43600383839 /* Letter.m */ = {isa = PBXFileReference; fileEncoding = 4; lastKnownFileType = sourcecode.c.objc; name = Letter.m; path = ../Letter.m; sourceTree = "<group>"; };
		7B44EE531D6FF45C00383839 /* Letter.xib */ = {isa = PBXFileReference; fileEncoding = 4; lastKnownFileType = file.xib; name = Letter.xib; path = ../Letter.xib; sourceTree = "<group>"; };
		7B6C20AA1D6A05BD0097B6C5 /* Broggle.app */ = {isa = PBXFileReference; explicitFileType = wrapper.application; includeInIndex = 0; path = Broggle.app; sourceTree = BUILT_PRODUCTS_DIR; };
		7B6C20AE1D6A05BD0097B6C5 /* main.m */ = {isa = PBXFileReference; lastKnownFileType = sourcecode.c.objc; path = main.m; sourceTree = "<group>"; };
		7B6C20B01D6A05BD0097B6C5 /* AppDelegate.h */ = {isa = PBXFileReference; lastKnownFileType = sourcecode.c.h; path = AppDelegate.h; sourceTree = "<group>"; };
		7B6C20B11D6A05BD0097B6C5 /* AppDelegate.m */ = {isa = PBXFileReference; lastKnownFileType = sourcecode.c.objc; path = AppDelegate.m; sourceTree = "<group>"; };
		7B6C20B31D6A05BD0097B6C5 /* ViewController.h */ = {isa = PBXFileReference; lastKnownFileType = sourcecode.c.h; path = ViewController.h; sourceTree = "<group>"; };
		7B6C20B41D6A05BD0097B6C5 /* ViewController.m */ = {isa = PBXFileReference; lastKnownFileType = sourcecode.c.objc; path = ViewController.m; sourceTree = "<group>"; };
		7B6C20B71D6A05BD0097B6C5 /* Base */ = {isa = PBXFileReference; lastKnownFileType = file.storyboard; name = Base; path = Base.lproj/Main.storyboard; sourceTree = "<group>"; };
		7B6C20B91D6A05BD0097B6C5 /* Assets.xcassets */ = {isa = PBXFileReference; lastKnownFileType = folder.assetcatalog; path = Assets.xcassets; sourceTree = "<group>"; };
		7B6C20BC1D6A05BD0097B6C5 /* Base */ = {isa = PBXFileReference; lastKnownFileType = file.storyboard; name = Base; path = Base.lproj/LaunchScreen.storyboard; sourceTree = "<group>"; };
		7B6C20BE1D6A05BD0097B6C5 /* Info.plist */ = {isa = PBXFileReference; lastKnownFileType = text.plist.xml; path = Info.plist; sourceTree = "<group>"; };
		7B6C20C31D6A05BD0097B6C5 /* BroggleTests.xctest */ = {isa = PBXFileReference; explicitFileType = wrapper.cfbundle; includeInIndex = 0; path = BroggleTests.xctest; sourceTree = BUILT_PRODUCTS_DIR; };
		7B6C20C71D6A05BD0097B6C5 /* BroggleTests.m */ = {isa = PBXFileReference; lastKnownFileType = sourcecode.c.objc; path = BroggleTests.m; sourceTree = "<group>"; };
		7B6C20C91D6A05BD0097B6C5 /* Info.plist */ = {isa = PBXFileReference; lastKnownFileType = text.plist.xml; path = Info.plist; sourceTree = "<group>"; };
		7B6C20CE1D6A05BD0097B6C5 /* BroggleUITests.xctest */ = {isa = PBXFileReference; explicitFileType = wrapper.cfbundle; includeInIndex = 0; path = BroggleUITests.xctest; sourceTree = BUILT_PRODUCTS_DIR; };
		7B6C20D21D6A05BD0097B6C5 /* BroggleUITests.m */ = {isa = PBXFileReference; lastKnownFileType = sourcecode.c.objc; path = BroggleUITests.m; sourceTree = "<group>"; };
		7B6C20D41D6A05BD0097B6C5 /* Info.plist */ = {isa = PBXFileReference; lastKnownFileType = text.plist.xml; path = Info.plist; sourceTree = "<group>"; };
		7B6C20E01D6A05FB0097B6C5 /* BroggleGame.h */ = {isa = PBXFileReference; fileEncoding = 4; lastKnownFileType = sourcecode.c.h; path = BroggleGame.h; sourceTree = "<group>"; };
		7B6C20E11D6A05FB0097B6C5 /* BroggleGame.m */ = {isa = PBXFileReference; fileEncoding = 4; lastKnownFileType = sourcecode.c.objc; path = BroggleGame.m; sourceTree = "<group>"; };
		7B6C20E51D6A061E0097B6C5 /* BroggleBoard.h */ = {isa = PBXFileReference; fileEncoding = 4; lastKnownFileType = sourcecode.c.h; path = BroggleBoard.h; sourceTree = "<group>"; };
		7B6C20E61D6A061E0097B6C5 /* BroggleBoard.m */ = {isa = PBXFileReference; fileEncoding = 4; lastKnownFileType = sourcecode.c.objc; path = BroggleBoard.m; sourceTree = "<group>"; };
		7B6C20EA1D6A065E0097B6C5 /* BroggleLetter.h */ = {isa = PBXFileReference; fileEncoding = 4; lastKnownFileType = sourcecode.c.h; path = BroggleLetter.h; sourceTree = "<group>"; };
		7B6C20EB1D6A065E0097B6C5 /* BroggleLetter.m */ = {isa = PBXFileReference; fileEncoding = 4; lastKnownFileType = sourcecode.c.objc; path = BroggleLetter.m; sourceTree = "<group>"; };
		7B6C20EF1D6A2BFA0097B6C5 /* BroggleLetterTests.m */ = {isa = PBXFileReference; fileEncoding = 4; lastKnownFileType = sourcecode.c.objc; path = BroggleLetterTests.m; sourceTree = "<group>"; };
		7B984E8E1D6BFDA900C63476 /* BroggleBoardTest.m */ = {isa = PBXFileReference; fileEncoding = 4; lastKnownFileType = sourcecode.c.objc; path = BroggleBoardTest.m; sourceTree = "<group>"; };
/* End PBXFileReference section */

/* Begin PBXFrameworksBuildPhase section */
		7B6C20A71D6A05BD0097B6C5 /* Frameworks */ = {
			isa = PBXFrameworksBuildPhase;
			buildActionMask = 2147483647;
			files = (
			);
			runOnlyForDeploymentPostprocessing = 0;
		};
		7B6C20C01D6A05BD0097B6C5 /* Frameworks */ = {
			isa = PBXFrameworksBuildPhase;
			buildActionMask = 2147483647;
			files = (
			);
			runOnlyForDeploymentPostprocessing = 0;
		};
		7B6C20CB1D6A05BD0097B6C5 /* Frameworks */ = {
			isa = PBXFrameworksBuildPhase;
			buildActionMask = 2147483647;
			files = (
			);
			runOnlyForDeploymentPostprocessing = 0;
		};
/* End PBXFrameworksBuildPhase section */

/* Begin PBXGroup section */
		7B44EE491D6FF37500383839 /* Models */ = {
			isa = PBXGroup;
			children = (
				7B6C20E51D6A061E0097B6C5 /* BroggleBoard.h */,
				7B6C20E61D6A061E0097B6C5 /* BroggleBoard.m */,
				7B6C20EA1D6A065E0097B6C5 /* BroggleLetter.h */,
				7B6C20EB1D6A065E0097B6C5 /* BroggleLetter.m */,
			);
			name = Models;
			sourceTree = "<group>";
		};
		7B44EE571D6FF7F200383839 /* Views */ = {
			isa = PBXGroup;
			children = (
				7B44EE531D6FF45C00383839 /* Letter.xib */,
				7B44EE4E1D6FF43600383839 /* Letter.h */,
				7B44EE4F1D6FF43600383839 /* Letter.m */,
			);
			name = Views;
			sourceTree = "<group>";
		};
		7B6C20A11D6A05BD0097B6C5 = {
			isa = PBXGroup;
			children = (
				7B6C20AC1D6A05BD0097B6C5 /* Broggle */,
				7B6C20C61D6A05BD0097B6C5 /* BroggleTests */,
				7B6C20D11D6A05BD0097B6C5 /* BroggleUITests */,
				7B6C20AB1D6A05BD0097B6C5 /* Products */,
			);
			sourceTree = "<group>";
		};
		7B6C20AB1D6A05BD0097B6C5 /* Products */ = {
			isa = PBXGroup;
			children = (
				7B6C20AA1D6A05BD0097B6C5 /* Broggle.app */,
				7B6C20C31D6A05BD0097B6C5 /* BroggleTests.xctest */,
				7B6C20CE1D6A05BD0097B6C5 /* BroggleUITests.xctest */,
			);
			name = Products;
			sourceTree = "<group>";
		};
		7B6C20AC1D6A05BD0097B6C5 /* Broggle */ = {
			isa = PBXGroup;
			children = (
				7B6C20B01D6A05BD0097B6C5 /* AppDelegate.h */,
				7B6C20B11D6A05BD0097B6C5 /* AppDelegate.m */,
				7B6C20B31D6A05BD0097B6C5 /* ViewController.h */,
				7B6C20B41D6A05BD0097B6C5 /* ViewController.m */,
				7B44EE571D6FF7F200383839 /* Views */,
				7B44EE491D6FF37500383839 /* Models */,
				7B6C20B61D6A05BD0097B6C5 /* Main.storyboard */,
				7B6C20B91D6A05BD0097B6C5 /* Assets.xcassets */,
				7B6C20BB1D6A05BD0097B6C5 /* LaunchScreen.storyboard */,
				7B6C20BE1D6A05BD0097B6C5 /* Info.plist */,
				7B6C20AD1D6A05BD0097B6C5 /* Supporting Files */,
				7B6C20E01D6A05FB0097B6C5 /* BroggleGame.h */,
				7B6C20E11D6A05FB0097B6C5 /* BroggleGame.m */,
			);
			path = Broggle;
			sourceTree = "<group>";
		};
		7B6C20AD1D6A05BD0097B6C5 /* Supporting Files */ = {
			isa = PBXGroup;
			children = (
				7B6C20AE1D6A05BD0097B6C5 /* main.m */,
			);
			name = "Supporting Files";
			sourceTree = "<group>";
		};
		7B6C20C61D6A05BD0097B6C5 /* BroggleTests */ = {
			isa = PBXGroup;
			children = (
				7B6C20C71D6A05BD0097B6C5 /* BroggleTests.m */,
				7B6C20C91D6A05BD0097B6C5 /* Info.plist */,
				7B6C20EF1D6A2BFA0097B6C5 /* BroggleLetterTests.m */,
				7B984E8E1D6BFDA900C63476 /* BroggleBoardTest.m */,
			);
			path = BroggleTests;
			sourceTree = "<group>";
		};
		7B6C20D11D6A05BD0097B6C5 /* BroggleUITests */ = {
			isa = PBXGroup;
			children = (
				7B6C20D21D6A05BD0097B6C5 /* BroggleUITests.m */,
				7B6C20D41D6A05BD0097B6C5 /* Info.plist */,
			);
			path = BroggleUITests;
			sourceTree = "<group>";
		};
/* End PBXGroup section */

/* Begin PBXNativeTarget section */
		7B6C20A91D6A05BD0097B6C5 /* Broggle */ = {
			isa = PBXNativeTarget;
			buildConfigurationList = 7B6C20D71D6A05BD0097B6C5 /* Build configuration list for PBXNativeTarget "Broggle" */;
			buildPhases = (
				7B6C20A61D6A05BD0097B6C5 /* Sources */,
				7B6C20A71D6A05BD0097B6C5 /* Frameworks */,
				7B6C20A81D6A05BD0097B6C5 /* Resources */,
			);
			buildRules = (
			);
			dependencies = (
			);
			name = Broggle;
			productName = Broggle;
			productReference = 7B6C20AA1D6A05BD0097B6C5 /* Broggle.app */;
			productType = "com.apple.product-type.application";
		};
		7B6C20C21D6A05BD0097B6C5 /* BroggleTests */ = {
			isa = PBXNativeTarget;
			buildConfigurationList = 7B6C20DA1D6A05BD0097B6C5 /* Build configuration list for PBXNativeTarget "BroggleTests" */;
			buildPhases = (
				7B6C20BF1D6A05BD0097B6C5 /* Sources */,
				7B6C20C01D6A05BD0097B6C5 /* Frameworks */,
				7B6C20C11D6A05BD0097B6C5 /* Resources */,
			);
			buildRules = (
			);
			dependencies = (
				7B6C20C51D6A05BD0097B6C5 /* PBXTargetDependency */,
			);
			name = BroggleTests;
			productName = BroggleTests;
			productReference = 7B6C20C31D6A05BD0097B6C5 /* BroggleTests.xctest */;
			productType = "com.apple.product-type.bundle.unit-test";
		};
		7B6C20CD1D6A05BD0097B6C5 /* BroggleUITests */ = {
			isa = PBXNativeTarget;
			buildConfigurationList = 7B6C20DD1D6A05BD0097B6C5 /* Build configuration list for PBXNativeTarget "BroggleUITests" */;
			buildPhases = (
				7B6C20CA1D6A05BD0097B6C5 /* Sources */,
				7B6C20CB1D6A05BD0097B6C5 /* Frameworks */,
				7B6C20CC1D6A05BD0097B6C5 /* Resources */,
			);
			buildRules = (
			);
			dependencies = (
				7B6C20D01D6A05BD0097B6C5 /* PBXTargetDependency */,
			);
			name = BroggleUITests;
			productName = BroggleUITests;
			productReference = 7B6C20CE1D6A05BD0097B6C5 /* BroggleUITests.xctest */;
			productType = "com.apple.product-type.bundle.ui-testing";
		};
/* End PBXNativeTarget section */

/* Begin PBXProject section */
		7B6C20A21D6A05BD0097B6C5 /* Project object */ = {
			isa = PBXProject;
			attributes = {
				LastUpgradeCheck = 0730;
				ORGANIZATIONNAME = "Dean Silfen";
				TargetAttributes = {
					7B6C20A91D6A05BD0097B6C5 = {
						CreatedOnToolsVersion = 7.3.1;
					};
					7B6C20C21D6A05BD0097B6C5 = {
						CreatedOnToolsVersion = 7.3.1;
						TestTargetID = 7B6C20A91D6A05BD0097B6C5;
					};
					7B6C20CD1D6A05BD0097B6C5 = {
						CreatedOnToolsVersion = 7.3.1;
						TestTargetID = 7B6C20A91D6A05BD0097B6C5;
					};
				};
			};
			buildConfigurationList = 7B6C20A51D6A05BD0097B6C5 /* Build configuration list for PBXProject "Broggle" */;
			compatibilityVersion = "Xcode 3.2";
			developmentRegion = English;
			hasScannedForEncodings = 0;
			knownRegions = (
				en,
				Base,
			);
			mainGroup = 7B6C20A11D6A05BD0097B6C5;
			productRefGroup = 7B6C20AB1D6A05BD0097B6C5 /* Products */;
			projectDirPath = "";
			projectRoot = "";
			targets = (
				7B6C20A91D6A05BD0097B6C5 /* Broggle */,
				7B6C20C21D6A05BD0097B6C5 /* BroggleTests */,
				7B6C20CD1D6A05BD0097B6C5 /* BroggleUITests */,
			);
		};
/* End PBXProject section */

/* Begin PBXResourcesBuildPhase section */
		7B6C20A81D6A05BD0097B6C5 /* Resources */ = {
			isa = PBXResourcesBuildPhase;
			buildActionMask = 2147483647;
			files = (
				7B6C20BD1D6A05BD0097B6C5 /* LaunchScreen.storyboard in Resources */,
				7B6C20BA1D6A05BD0097B6C5 /* Assets.xcassets in Resources */,
				7B6C20B81D6A05BD0097B6C5 /* Main.storyboard in Resources */,
				7B44EE541D6FF45C00383839 /* Letter.xib in Resources */,
			);
			runOnlyForDeploymentPostprocessing = 0;
		};
		7B6C20C11D6A05BD0097B6C5 /* Resources */ = {
			isa = PBXResourcesBuildPhase;
			buildActionMask = 2147483647;
			files = (
				7B44EE551D6FF45C00383839 /* Letter.xib in Resources */,
			);
			runOnlyForDeploymentPostprocessing = 0;
		};
		7B6C20CC1D6A05BD0097B6C5 /* Resources */ = {
			isa = PBXResourcesBuildPhase;
			buildActionMask = 2147483647;
			files = (
				7B44EE561D6FF45C00383839 /* Letter.xib in Resources */,
			);
			runOnlyForDeploymentPostprocessing = 0;
		};
/* End PBXResourcesBuildPhase section */

/* Begin PBXSourcesBuildPhase section */
		7B6C20A61D6A05BD0097B6C5 /* Sources */ = {
			isa = PBXSourcesBuildPhase;
			buildActionMask = 2147483647;
			files = (
				7B6C20E21D6A05FB0097B6C5 /* BroggleGame.m in Sources */,
				7B6C20B51D6A05BD0097B6C5 /* ViewController.m in Sources */,
				7B6C20B21D6A05BD0097B6C5 /* AppDelegate.m in Sources */,
				7B44EE501D6FF43600383839 /* Letter.m in Sources */,
				7B6C20AF1D6A05BD0097B6C5 /* main.m in Sources */,
				7B6C20EC1D6A065E0097B6C5 /* BroggleLetter.m in Sources */,
				7B6C20E71D6A061E0097B6C5 /* BroggleBoard.m in Sources */,
			);
			runOnlyForDeploymentPostprocessing = 0;
		};
		7B6C20BF1D6A05BD0097B6C5 /* Sources */ = {
			isa = PBXSourcesBuildPhase;
			buildActionMask = 2147483647;
			files = (
				7B6C20ED1D6A065E0097B6C5 /* BroggleLetter.m in Sources */,
				7B984E8F1D6BFDA900C63476 /* BroggleBoardTest.m in Sources */,
				7B6C20E31D6A05FB0097B6C5 /* BroggleGame.m in Sources */,
				7B44EE511D6FF43600383839 /* Letter.m in Sources */,
				7B6C20C81D6A05BD0097B6C5 /* BroggleTests.m in Sources */,
				7B6C20F01D6A2BFA0097B6C5 /* BroggleLetterTests.m in Sources */,
				7B6C20E81D6A061E0097B6C5 /* BroggleBoard.m in Sources */,
			);
			runOnlyForDeploymentPostprocessing = 0;
		};
		7B6C20CA1D6A05BD0097B6C5 /* Sources */ = {
			isa = PBXSourcesBuildPhase;
			buildActionMask = 2147483647;
			files = (
				7B6C20EE1D6A065E0097B6C5 /* BroggleLetter.m in Sources */,
				7B6C20E41D6A05FB0097B6C5 /* BroggleGame.m in Sources */,
				7B6C20D31D6A05BD0097B6C5 /* BroggleUITests.m in Sources */,
				7B6C20E91D6A061E0097B6C5 /* BroggleBoard.m in Sources */,
				7B44EE521D6FF43600383839 /* Letter.m in Sources */,
			);
			runOnlyForDeploymentPostprocessing = 0;
		};
/* End PBXSourcesBuildPhase section */

/* Begin PBXTargetDependency section */
		7B6C20C51D6A05BD0097B6C5 /* PBXTargetDependency */ = {
			isa = PBXTargetDependency;
			target = 7B6C20A91D6A05BD0097B6C5 /* Broggle */;
			targetProxy = 7B6C20C41D6A05BD0097B6C5 /* PBXContainerItemProxy */;
		};
		7B6C20D01D6A05BD0097B6C5 /* PBXTargetDependency */ = {
			isa = PBXTargetDependency;
			target = 7B6C20A91D6A05BD0097B6C5 /* Broggle */;
			targetProxy = 7B6C20CF1D6A05BD0097B6C5 /* PBXContainerItemProxy */;
		};
/* End PBXTargetDependency section */

/* Begin PBXVariantGroup section */
		7B6C20B61D6A05BD0097B6C5 /* Main.storyboard */ = {
			isa = PBXVariantGroup;
			children = (
				7B6C20B71D6A05BD0097B6C5 /* Base */,
			);
			name = Main.storyboard;
			sourceTree = "<group>";
		};
		7B6C20BB1D6A05BD0097B6C5 /* LaunchScreen.storyboard */ = {
			isa = PBXVariantGroup;
			children = (
				7B6C20BC1D6A05BD0097B6C5 /* Base */,
			);
			name = LaunchScreen.storyboard;
			sourceTree = "<group>";
		};
/* End PBXVariantGroup section */

/* Begin XCBuildConfiguration section */
		7B6C20D51D6A05BD0097B6C5 /* Debug */ = {
			isa = XCBuildConfiguration;
			buildSettings = {
				ALWAYS_SEARCH_USER_PATHS = NO;
				CLANG_ANALYZER_NONNULL = YES;
				CLANG_CXX_LANGUAGE_STANDARD = "gnu++0x";
				CLANG_CXX_LIBRARY = "libc++";
				CLANG_ENABLE_MODULES = YES;
				CLANG_ENABLE_OBJC_ARC = YES;
				CLANG_WARN_BOOL_CONVERSION = YES;
				CLANG_WARN_CONSTANT_CONVERSION = YES;
				CLANG_WARN_DIRECT_OBJC_ISA_USAGE = YES_ERROR;
				CLANG_WARN_EMPTY_BODY = YES;
				CLANG_WARN_ENUM_CONVERSION = YES;
				CLANG_WARN_INT_CONVERSION = YES;
				CLANG_WARN_OBJC_ROOT_CLASS = YES_ERROR;
				CLANG_WARN_UNREACHABLE_CODE = YES;
				CLANG_WARN__DUPLICATE_METHOD_MATCH = YES;
				"CODE_SIGN_IDENTITY[sdk=iphoneos*]" = "iPhone Developer";
				COPY_PHASE_STRIP = NO;
				DEBUG_INFORMATION_FORMAT = dwarf;
				ENABLE_STRICT_OBJC_MSGSEND = YES;
				ENABLE_TESTABILITY = YES;
				GCC_C_LANGUAGE_STANDARD = gnu99;
				GCC_DYNAMIC_NO_PIC = NO;
				GCC_NO_COMMON_BLOCKS = YES;
				GCC_OPTIMIZATION_LEVEL = 0;
				GCC_PREPROCESSOR_DEFINITIONS = (
					"DEBUG=1",
					"$(inherited)",
				);
				GCC_WARN_64_TO_32_BIT_CONVERSION = YES;
				GCC_WARN_ABOUT_RETURN_TYPE = YES_ERROR;
				GCC_WARN_UNDECLARED_SELECTOR = YES;
				GCC_WARN_UNINITIALIZED_AUTOS = YES_AGGRESSIVE;
				GCC_WARN_UNUSED_FUNCTION = YES;
				GCC_WARN_UNUSED_VARIABLE = YES;
				IPHONEOS_DEPLOYMENT_TARGET = 9.3;
				MTL_ENABLE_DEBUG_INFO = YES;
				ONLY_ACTIVE_ARCH = YES;
				SDKROOT = iphoneos;
				TARGETED_DEVICE_FAMILY = "1,2";
			};
			name = Debug;
		};
		7B6C20D61D6A05BD0097B6C5 /* Release */ = {
			isa = XCBuildConfiguration;
			buildSettings = {
				ALWAYS_SEARCH_USER_PATHS = NO;
				CLANG_ANALYZER_NONNULL = YES;
				CLANG_CXX_LANGUAGE_STANDARD = "gnu++0x";
				CLANG_CXX_LIBRARY = "libc++";
				CLANG_ENABLE_MODULES = YES;
				CLANG_ENABLE_OBJC_ARC = YES;
				CLANG_WARN_BOOL_CONVERSION = YES;
				CLANG_WARN_CONSTANT_CONVERSION = YES;
				CLANG_WARN_DIRECT_OBJC_ISA_USAGE = YES_ERROR;
				CLANG_WARN_EMPTY_BODY = YES;
				CLANG_WARN_ENUM_CONVERSION = YES;
				CLANG_WARN_INT_CONVERSION = YES;
				CLANG_WARN_OBJC_ROOT_CLASS = YES_ERROR;
				CLANG_WARN_UNREACHABLE_CODE = YES;
				CLANG_WARN__DUPLICATE_METHOD_MATCH = YES;
				"CODE_SIGN_IDENTITY[sdk=iphoneos*]" = "iPhone Developer";
				COPY_PHASE_STRIP = NO;
				DEBUG_INFORMATION_FORMAT = "dwarf-with-dsym";
				ENABLE_NS_ASSERTIONS = NO;
				ENABLE_STRICT_OBJC_MSGSEND = YES;
				GCC_C_LANGUAGE_STANDARD = gnu99;
				GCC_NO_COMMON_BLOCKS = YES;
				GCC_WARN_64_TO_32_BIT_CONVERSION = YES;
				GCC_WARN_ABOUT_RETURN_TYPE = YES_ERROR;
				GCC_WARN_UNDECLARED_SELECTOR = YES;
				GCC_WARN_UNINITIALIZED_AUTOS = YES_AGGRESSIVE;
				GCC_WARN_UNUSED_FUNCTION = YES;
				GCC_WARN_UNUSED_VARIABLE = YES;
				IPHONEOS_DEPLOYMENT_TARGET = 9.3;
				MTL_ENABLE_DEBUG_INFO = NO;
				SDKROOT = iphoneos;
				TARGETED_DEVICE_FAMILY = "1,2";
				VALIDATE_PRODUCT = YES;
			};
			name = Release;
		};
		7B6C20D81D6A05BD0097B6C5 /* Debug */ = {
			isa = XCBuildConfiguration;
			buildSettings = {
				ASSETCATALOG_COMPILER_APPICON_NAME = AppIcon;
				INFOPLIST_FILE = Broggle/Info.plist;
				LD_RUNPATH_SEARCH_PATHS = "$(inherited) @executable_path/Frameworks";
				PRODUCT_BUNDLE_IDENTIFIER = me.silfen.Broggle;
				PRODUCT_NAME = "$(TARGET_NAME)";
			};
			name = Debug;
		};
		7B6C20D91D6A05BD0097B6C5 /* Release */ = {
			isa = XCBuildConfiguration;
			buildSettings = {
				ASSETCATALOG_COMPILER_APPICON_NAME = AppIcon;
				INFOPLIST_FILE = Broggle/Info.plist;
				LD_RUNPATH_SEARCH_PATHS = "$(inherited) @executable_path/Frameworks";
				PRODUCT_BUNDLE_IDENTIFIER = me.silfen.Broggle;
				PRODUCT_NAME = "$(TARGET_NAME)";
			};
			name = Release;
		};
		7B6C20DB1D6A05BD0097B6C5 /* Debug */ = {
			isa = XCBuildConfiguration;
			buildSettings = {
				BUNDLE_LOADER = "$(TEST_HOST)";
				INFOPLIST_FILE = BroggleTests/Info.plist;
				LD_RUNPATH_SEARCH_PATHS = "$(inherited) @executable_path/Frameworks @loader_path/Frameworks";
				PRODUCT_BUNDLE_IDENTIFIER = me.silfen.BroggleTests;
				PRODUCT_NAME = "$(TARGET_NAME)";
				TEST_HOST = "$(BUILT_PRODUCTS_DIR)/Broggle.app/Broggle";
			};
			name = Debug;
		};
		7B6C20DC1D6A05BD0097B6C5 /* Release */ = {
			isa = XCBuildConfiguration;
			buildSettings = {
				BUNDLE_LOADER = "$(TEST_HOST)";
				INFOPLIST_FILE = BroggleTests/Info.plist;
				LD_RUNPATH_SEARCH_PATHS = "$(inherited) @executable_path/Frameworks @loader_path/Frameworks";
				PRODUCT_BUNDLE_IDENTIFIER = me.silfen.BroggleTests;
				PRODUCT_NAME = "$(TARGET_NAME)";
				TEST_HOST = "$(BUILT_PRODUCTS_DIR)/Broggle.app/Broggle";
			};
			name = Release;
		};
		7B6C20DE1D6A05BD0097B6C5 /* Debug */ = {
			isa = XCBuildConfiguration;
			buildSettings = {
				INFOPLIST_FILE = BroggleUITests/Info.plist;
				LD_RUNPATH_SEARCH_PATHS = "$(inherited) @executable_path/Frameworks @loader_path/Frameworks";
				PRODUCT_BUNDLE_IDENTIFIER = me.silfen.BroggleUITests;
				PRODUCT_NAME = "$(TARGET_NAME)";
				TEST_TARGET_NAME = Broggle;
			};
			name = Debug;
		};
		7B6C20DF1D6A05BD0097B6C5 /* Release */ = {
			isa = XCBuildConfiguration;
			buildSettings = {
				INFOPLIST_FILE = BroggleUITests/Info.plist;
				LD_RUNPATH_SEARCH_PATHS = "$(inherited) @executable_path/Frameworks @loader_path/Frameworks";
				PRODUCT_BUNDLE_IDENTIFIER = me.silfen.BroggleUITests;
				PRODUCT_NAME = "$(TARGET_NAME)";
				TEST_TARGET_NAME = Broggle;
			};
			name = Release;
		};
/* End XCBuildConfiguration section */

/* Begin XCConfigurationList section */
		7B6C20A51D6A05BD0097B6C5 /* Build configuration list for PBXProject "Broggle" */ = {
			isa = XCConfigurationList;
			buildConfigurations = (
				7B6C20D51D6A05BD0097B6C5 /* Debug */,
				7B6C20D61D6A05BD0097B6C5 /* Release */,
			);
			defaultConfigurationIsVisible = 0;
			defaultConfigurationName = Release;
		};
		7B6C20D71D6A05BD0097B6C5 /* Build configuration list for PBXNativeTarget "Broggle" */ = {
			isa = XCConfigurationList;
			buildConfigurations = (
				7B6C20D81D6A05BD0097B6C5 /* Debug */,
				7B6C20D91D6A05BD0097B6C5 /* Release */,
			);
			defaultConfigurationIsVisible = 0;
			defaultConfigurationName = Release;
		};
		7B6C20DA1D6A05BD0097B6C5 /* Build configuration list for PBXNativeTarget "BroggleTests" */ = {
			isa = XCConfigurationList;
			buildConfigurations = (
				7B6C20DB1D6A05BD0097B6C5 /* Debug */,
				7B6C20DC1D6A05BD0097B6C5 /* Release */,
			);
			defaultConfigurationIsVisible = 0;
			defaultConfigurationName = Release;
		};
		7B6C20DD1D6A05BD0097B6C5 /* Build configuration list for PBXNativeTarget "BroggleUITests" */ = {
			isa = XCConfigurationList;
			buildConfigurations = (
				7B6C20DE1D6A05BD0097B6C5 /* Debug */,
				7B6C20DF1D6A05BD0097B6C5 /* Release */,
			);
			defaultConfigurationIsVisible = 0;
			defaultConfigurationName = Release;
		};
/* End XCConfigurationList section */
	};
	rootObject = 7B6C20A21D6A05BD0097B6C5 /* Project object */;
}
